
Microsoft Visual Studio Solution File, Format Version 12.00
# Visual Studio Version 16
VisualStudioVersion = 16.0.32228.343
MinimumVisualStudioVersion = 10.0.40219.1
Project("{FAE04EC0-301F-11D3-BF4B-00C04F79EFBC}") = "Client", "Client\Client.csproj", "{4C5E7E3E-1F67-4022-BFE9-C1236FC8C6F3}"
EndProject
Global
	GlobalSection(SolutionConfigurationPlatforms) = preSolution
		Debug|Any CPU = Debug|Any CPU
		Release|Any CPU = Release|Any CPU
	EndGlobalSection
	GlobalSection(ProjectConfigurationPlatforms) = postSolution
		{4C5E7E3E-1F67-4022-BFE9-C1236FC8C6F3}.Debug|Any CPU.ActiveCfg = Debug|Any CPU
		{4C5E7E3E-1F67-4022-BFE9-C1236FC8C6F3}.Debug|Any CPU.Build.0 = Debug|Any CPU
		{4C5E7E3E-1F67-4022-BFE9-C1236FC8C6F3}.Release|Any CPU.ActiveCfg = Release|Any CPU
		{4C5E7E3E-1F67-4022-BFE9-C1236FC8C6F3}.Release|Any CPU.Build.0 = Release|Any CPU
	EndGlobalSection
	GlobalSection(SolutionProperties) = preSolution
		HideSolutionNode = FALSE
	EndGlobalSection
	GlobalSection(ExtensibilityGlobals) = postSolution
		SolutionGuid = {4F0930E0-CD80-4E2C-9059-236300211C9E}
	EndGlobalSection
EndGlobal
