
Microsoft Visual Studio Solution File, Format Version 12.00
# Visual Studio Version 16
VisualStudioVersion = 16.0.32228.343
MinimumVisualStudioVersion = 10.0.40219.1
Project("{FAE04EC0-301F-11D3-BF4B-00C04F79EFBC}") = "SimpleMethod", "SimpleMethod\SimpleMethod.csproj", "{D49C1924-A315-4C5F-9EE4-AD198AECCDAE}"
EndProject
Global
	GlobalSection(SolutionConfigurationPlatforms) = preSolution
		Debug|Any CPU = Debug|Any CPU
		Release|Any CPU = Release|Any CPU
	EndGlobalSection
	GlobalSection(ProjectConfigurationPlatforms) = postSolution
		{D49C1924-A315-4C5F-9EE4-AD198AECCDAE}.Debug|Any CPU.ActiveCfg = Debug|Any CPU
		{D49C1924-A315-4C5F-9EE4-AD198AECCDAE}.Debug|Any CPU.Build.0 = Debug|Any CPU
		{D49C1924-A315-4C5F-9EE4-AD198AECCDAE}.Release|Any CPU.ActiveCfg = Release|Any CPU
		{D49C1924-A315-4C5F-9EE4-AD198AECCDAE}.Release|Any CPU.Build.0 = Release|Any CPU
	EndGlobalSection
	GlobalSection(SolutionProperties) = preSolution
		HideSolutionNode = FALSE
	EndGlobalSection
	GlobalSection(ExtensibilityGlobals) = postSolution
		SolutionGuid = {73EFBED7-2CD7-4D56-8C3C-E99DC7C4F2B7}
	EndGlobalSection
EndGlobal
