
Microsoft Visual Studio Solution File, Format Version 12.00
# Visual Studio Version 16
VisualStudioVersion = 16.0.32228.343
MinimumVisualStudioVersion = 10.0.40219.1
Project("{FAE04EC0-301F-11D3-BF4B-00C04F79EFBC}") = "OperatorsExpressionsStatements", "OperatorsExpressionsStatements\OperatorsExpressionsStatements.csproj", "{BE80DF3B-7D0A-41B6-84C6-2F96F7F253AE}"
EndProject
Global
	GlobalSection(SolutionConfigurationPlatforms) = preSolution
		Debug|Any CPU = Debug|Any CPU
		Release|Any CPU = Release|Any CPU
	EndGlobalSection
	GlobalSection(ProjectConfigurationPlatforms) = postSolution
		{BE80DF3B-7D0A-41B6-84C6-2F96F7F253AE}.Debug|Any CPU.ActiveCfg = Debug|Any CPU
		{BE80DF3B-7D0A-41B6-84C6-2F96F7F253AE}.Debug|Any CPU.Build.0 = Debug|Any CPU
		{BE80DF3B-7D0A-41B6-84C6-2F96F7F253AE}.Release|Any CPU.ActiveCfg = Release|Any CPU
		{BE80DF3B-7D0A-41B6-84C6-2F96F7F253AE}.Release|Any CPU.Build.0 = Release|Any CPU
	EndGlobalSection
	GlobalSection(SolutionProperties) = preSolution
		HideSolutionNode = FALSE
	EndGlobalSection
	GlobalSection(ExtensibilityGlobals) = postSolution
		SolutionGuid = {6B1468BC-AC70-443D-8560-CFEA8F7B02FD}
	EndGlobalSection
EndGlobal
