
Microsoft Visual Studio Solution File, Format Version 12.00
# Visual Studio Version 16
VisualStudioVersion = 16.0.32228.343
MinimumVisualStudioVersion = 10.0.40219.1
Project("{FAE04EC0-301F-11D3-BF4B-00C04F79EFBC}") = "SimpleClasses", "SimpleClasses\SimpleClasses.csproj", "{4D085B01-CCEC-4B04-8EB3-35BF0E7C4FB0}"
EndProject
Global
	GlobalSection(SolutionConfigurationPlatforms) = preSolution
		Debug|Any CPU = Debug|Any CPU
		Release|Any CPU = Release|Any CPU
	EndGlobalSection
	GlobalSection(ProjectConfigurationPlatforms) = postSolution
		{4D085B01-CCEC-4B04-8EB3-35BF0E7C4FB0}.Debug|Any CPU.ActiveCfg = Debug|Any CPU
		{4D085B01-CCEC-4B04-8EB3-35BF0E7C4FB0}.Debug|Any CPU.Build.0 = Debug|Any CPU
		{4D085B01-CCEC-4B04-8EB3-35BF0E7C4FB0}.Release|Any CPU.ActiveCfg = Release|Any CPU
		{4D085B01-CCEC-4B04-8EB3-35BF0E7C4FB0}.Release|Any CPU.Build.0 = Release|Any CPU
	EndGlobalSection
	GlobalSection(SolutionProperties) = preSolution
		HideSolutionNode = FALSE
	EndGlobalSection
	GlobalSection(ExtensibilityGlobals) = postSolution
		SolutionGuid = {ACAE3ADF-3B4C-4C47-B8A9-1781631ECF62}
	EndGlobalSection
EndGlobal
